
Microsoft Visual Studio Solution File, Format Version 12.00
# Visual Studio Version 17
VisualStudioVersion = 17.0.31903.59
MinimumVisualStudioVersion = 10.0.40219.1
Project("{FAE04EC0-301F-11D3-BF4B-00C04F79EFBC}") = "Drivers.API", "Drivers.API\Drivers.API.csproj", "{00E4295B-7BBF-4174-B2FB-1103E0766FFF}"
EndProject
Project("{FAE04EC0-301F-11D3-BF4B-00C04F79EFBC}") = "F1App.nUnitTests", "F1App.nUnitTests\F1App.nUnitTests.csproj", "{AD2C86C4-40B3-40B7-A2EE-39F2E8CF8D06}"
EndProject
Global
	GlobalSection(SolutionConfigurationPlatforms) = preSolution
		Debug|Any CPU = Debug|Any CPU
		Release|Any CPU = Release|Any CPU
	EndGlobalSection
	GlobalSection(SolutionProperties) = preSolution
		HideSolutionNode = FALSE
	EndGlobalSection
	GlobalSection(ProjectConfigurationPlatforms) = postSolution
		{00E4295B-7BBF-4174-B2FB-1103E0766FFF}.Debug|Any CPU.ActiveCfg = Debug|Any CPU
		{00E4295B-7BBF-4174-B2FB-1103E0766FFF}.Debug|Any CPU.Build.0 = Debug|Any CPU
		{00E4295B-7BBF-4174-B2FB-1103E0766FFF}.Release|Any CPU.ActiveCfg = Release|Any CPU
		{00E4295B-7BBF-4174-B2FB-1103E0766FFF}.Release|Any CPU.Build.0 = Release|Any CPU
		{AD2C86C4-40B3-40B7-A2EE-39F2E8CF8D06}.Debug|Any CPU.ActiveCfg = Debug|Any CPU
		{AD2C86C4-40B3-40B7-A2EE-39F2E8CF8D06}.Debug|Any CPU.Build.0 = Debug|Any CPU
		{AD2C86C4-40B3-40B7-A2EE-39F2E8CF8D06}.Release|Any CPU.ActiveCfg = Release|Any CPU
		{AD2C86C4-40B3-40B7-A2EE-39F2E8CF8D06}.Release|Any CPU.Build.0 = Release|Any CPU
	EndGlobalSection
EndGlobal
